
Microsoft Visual Studio Solution File, Format Version 12.00
# Visual Studio Version 17
VisualStudioVersion = 17.9.34902.65
MinimumVisualStudioVersion = 10.0.40219.1
Project("{FAE04EC0-301F-11D3-BF4B-00C04F79EFBC}") = "WpfApp1", "WpfApp1.csproj", "{47D53B4A-EA1E-42E0-8DE1-FA9B354EA984}"
EndProject
Global
	GlobalSection(SolutionConfigurationPlatforms) = preSolution
		Debug|Any CPU = Debug|Any CPU
		Release|Any CPU = Release|Any CPU
	EndGlobalSection
	GlobalSection(ProjectConfigurationPlatforms) = postSolution
		{47D53B4A-EA1E-42E0-8DE1-FA9B354EA984}.Debug|Any CPU.ActiveCfg = Debug|Any CPU
		{47D53B4A-EA1E-42E0-8DE1-FA9B354EA984}.Debug|Any CPU.Build.0 = Debug|Any CPU
		{47D53B4A-EA1E-42E0-8DE1-FA9B354EA984}.Release|Any CPU.ActiveCfg = Release|Any CPU
		{47D53B4A-EA1E-42E0-8DE1-FA9B354EA984}.Release|Any CPU.Build.0 = Release|Any CPU
	EndGlobalSection
	GlobalSection(SolutionProperties) = preSolution
		HideSolutionNode = FALSE
	EndGlobalSection
	GlobalSection(ExtensibilityGlobals) = postSolution
		SolutionGuid = {6EAB71E8-AA6C-49CE-B028-8A9542295813}
	EndGlobalSection
EndGlobal
